
Microsoft Visual Studio Solution File, Format Version 12.00
# Visual Studio Version 16
VisualStudioVersion = 16.0.29409.12
MinimumVisualStudioVersion = 10.0.40219.1
Project("{FAE04EC0-301F-11D3-BF4B-00C04F79EFBC}") = "OnlineSimRu", "OnlineSim\OnlineSimRu.csproj", "{FA10ABD7-78B1-48DC-8F38-8D0021CC4E38}"
EndProject
Project("{FAE04EC0-301F-11D3-BF4B-00C04F79EFBC}") = "AccountData.Service", "AccountDataService\AccountData.Service.csproj", "{8D632BF2-BFD9-4585-A5AF-7E15E8431EBB}"
EndProject
Project("{2150E333-8FDC-42A3-9474-1A3956D46DE8}") = "Services", "Services", "{8516EF98-C4A5-44A6-A6A8-4737A07923BA}"
EndProject
Project("{FAE04EC0-301F-11D3-BF4B-00C04F79EFBC}") = "Yandex.Bot", "Yandex.Bot\Yandex.Bot.csproj", "{C1EC0956-CF76-427E-9C92-A68E2C6EBA4A}"
EndProject
Project("{FAE04EC0-301F-11D3-BF4B-00C04F79EFBC}") = "GetSmsOnline", "Getsms.online\GetSmsOnline.csproj", "{1D1E05C8-006D-4BB8-88C1-96B6A23E1110}"
EndProject
Project("{FAE04EC0-301F-11D3-BF4B-00C04F79EFBC}") = "Common.Service", "Common.Service\Common.Service.csproj", "{F45C44CF-2C70-4683-A36A-1154E2408F53}"
EndProject
Project("{FAE04EC0-301F-11D3-BF4B-00C04F79EFBC}") = "RegBot.RestApi", "RegBot.RestApi\RegBot.RestApi.csproj", "{AA101C90-18B5-41DC-A280-A69152A7FF77}"
EndProject
Project("{2150E333-8FDC-42A3-9474-1A3956D46DE8}") = "Solution Items", "Solution Items", "{C13581D3-2C5F-463F-A51A-C826E87B7DDD}"
	ProjectSection(SolutionItems) = preProject
		links.txt = links.txt
		todo.txt = todo.txt
	EndProjectSection
EndProject
Project("{FAE04EC0-301F-11D3-BF4B-00C04F79EFBC}") = "Gmail.Bot", "Gmail.Bot\Gmail.Bot.csproj", "{6A78CF28-6C28-4090-A414-329FBE8A91F0}"
EndProject
Project("{FAE04EC0-301F-11D3-BF4B-00C04F79EFBC}") = "SimSmsOrg", "SimSmsOrg\SimSmsOrg.csproj", "{BE0EFC1B-F2B3-4A83-8647-2D14B53DD4AD}"
EndProject
Project("{FAE04EC0-301F-11D3-BF4B-00C04F79EFBC}") = "MailRu.Bot", "MailRu.Bot\MailRu.Bot.csproj", "{F1C872D7-CF9E-4E7F-AD2F-E821B67E1AFA}"
EndProject
Project("{FAE04EC0-301F-11D3-BF4B-00C04F79EFBC}") = "Facebook.Bot", "Facebook.Bot\Facebook.Bot.csproj", "{DD86EE13-6653-491D-8726-B20692C3445C}"
EndProject
Project("{FAE04EC0-301F-11D3-BF4B-00C04F79EFBC}") = "Vk.Bot", "Vk.Bot\Vk.Bot.csproj", "{6C3FA7E0-1F96-4E49-958B-78DFBC7F0926}"
EndProject
Project("{FAE04EC0-301F-11D3-BF4B-00C04F79EFBC}") = "ScenarioApp", "ScenarioApp\ScenarioApp.csproj", "{2A295617-3D0F-4045-A254-1655FF97E2A1}"
EndProject
Project("{FAE04EC0-301F-11D3-BF4B-00C04F79EFBC}") = "ScenarioService", "Scenario.Service\ScenarioService.csproj", "{D3429939-A8BF-4B4B-BFCD-18A3F6C69BC9}"
EndProject
Project("{FAE04EC0-301F-11D3-BF4B-00C04F79EFBC}") = "PuppeteerService", "PuppeteerService\PuppeteerService.csproj", "{D0103587-CA50-4EB7-BED4-99E2277F9001}"
EndProject
Project("{FAE04EC0-301F-11D3-BF4B-00C04F79EFBC}") = "AnticaptchaOnline", "Anticaptcha\AnticaptchaOnline.csproj", "{E2BF8C89-3408-4CF2-B6FA-2A6C31228F06}"
EndProject
Project("{FAE04EC0-301F-11D3-BF4B-00C04F79EFBC}") = "Common.Classes", "Common.Classes\Common.Classes.csproj", "{A90EF985-B6EE-4EC8-97A6-A2766BA0CC42}"
EndProject
Project("{2150E333-8FDC-42A3-9474-1A3956D46DE8}") = "Mail", "Mail", "{6A72AE32-72CE-418D-8079-34C8EFDC1ECF}"
EndProject
Project("{2150E333-8FDC-42A3-9474-1A3956D46DE8}") = "Sms", "Sms", "{5EA7C3FD-B084-4D6B-A561-D07C59951921}"
EndProject
Project("{2150E333-8FDC-42A3-9474-1A3956D46DE8}") = "Social", "Social", "{2FB54F5D-8C42-4451-A235-279D2E6AD95D}"
EndProject
Project("{FAE04EC0-301F-11D3-BF4B-00C04F79EFBC}") = "Ok.Bot", "Ok.Bot\Ok.Bot.csproj", "{85741C53-07D3-481E-B43A-4D55B6017257}"
EndProject
Project("{FAE04EC0-301F-11D3-BF4B-00C04F79EFBC}") = "ProxyStore.Service", "ProxyStore.Service\ProxyStore.Service.csproj", "{FA089E41-B0D9-4D50-A2B6-51A52968AE81}"
EndProject
Project("{FAE04EC0-301F-11D3-BF4B-00C04F79EFBC}") = "RegistrationBot", "RegistrationBot\RegistrationBot.csproj", "{A09103D8-91C1-4E52-8BF4-4EB693D46C40}"
EndProject
Project("{2150E333-8FDC-42A3-9474-1A3956D46DE8}") = "Other", "Other", "{1F916B80-A2D6-4AEE-B80B-24EC49078CD9}"
EndProject
Project("{FAE04EC0-301F-11D3-BF4B-00C04F79EFBC}") = "ScenarioContext", "ScenarioContext\ScenarioContext.csproj", "{769BE3EC-6D20-4D3D-A340-8E8F9D22593B}"
EndProject
Project("{2150E333-8FDC-42A3-9474-1A3956D46DE8}") = "Ip", "Ip", "{F5032941-C96E-4BFC-B92E-D4E06AF36E76}"
EndProject
Project("{FAE04EC0-301F-11D3-BF4B-00C04F79EFBC}") = "Ip2location", "Ip2location\Ip2location.csproj", "{D198493D-A76F-45BA-9DFC-6E98521527F3}"
EndProject
Project("{FAE04EC0-301F-11D3-BF4B-00C04F79EFBC}") = "Ipstack", "Ipstack\Ipstack.csproj", "{9EFB33CC-B666-4C01-976A-067204B5A2D7}"
EndProject
Project("{FAE04EC0-301F-11D3-BF4B-00C04F79EFBC}") = "IpCommon", "IpCommon\IpCommon.csproj", "{5E69E172-EC31-47BA-AB3A-0901BABDF608}"
EndProject
Project("{FAE04EC0-301F-11D3-BF4B-00C04F79EFBC}") = "Faker", "Faker\Faker.csproj", "{42280CBB-1939-477C-B7B3-39F3FF48BFBA}"
EndProject
Project("{2150E333-8FDC-42A3-9474-1A3956D46DE8}") = "Tools", "Tools", "{06643A4E-1B31-4DDF-A313-9083C5AE23CF}"
EndProject
Project("{FAE04EC0-301F-11D3-BF4B-00C04F79EFBC}") = "ProxyTester", "ProxyTester\ProxyTester.csproj", "{932B5AC0-58B3-46AA-906C-A50AB27F7C29}"
EndProject
Project("{FAE04EC0-301F-11D3-BF4B-00C04F79EFBC}") = "CheckHost", "CheckHost\CheckHost.csproj", "{52A82C5B-E372-4662-854C-1D570CEFD334}"
EndProject
Project("{9A19103F-16F7-4668-BE54-9A1E7A4F7556}") = "FingerprintDownloader", "FingerprintDownloader\FingerprintDownloader.csproj", "{876608B5-61BF-4F93-9261-AA2F0BA5C555}"
EndProject
Project("{9A19103F-16F7-4668-BE54-9A1E7A4F7556}") = "FingerprintToDb", "FingerprintToDb\FingerprintToDb.csproj", "{AA22D981-28D6-4E49-808B-489C86640313}"
EndProject
Project("{9A19103F-16F7-4668-BE54-9A1E7A4F7556}") = "Fingerprint.Classes", "Fingerprint.Classes\Fingerprint.Classes.csproj", "{8983D256-F53A-4C6C-8F37-51046684A3CF}"
EndProject
Project("{9092AA53-FB77-4645-B42D-1CCCA6BD08BD}") = "BlankNodeJsConsoleApp", "BlankNodeJsConsoleApp\BlankNodeJsConsoleApp.njsproj", "{20E930B8-013B-4EDA-B47E-3E07B9C340F1}"
EndProject
Project("{9A19103F-16F7-4668-BE54-9A1E7A4F7556}") = "CallNodeJsFromCore", "CallNodeJsFromCore\CallNodeJsFromCore.csproj", "{75F1B22C-CA44-47BB-AF28-34277B3F4F08}"
EndProject
Project("{FAE04EC0-301F-11D3-BF4B-00C04F79EFBC}") = "Ig.Bot", "Ig.Bot\Ig.Bot.csproj", "{A7A495D3-82B7-4DAD-9315-544BD7742CD3}"
EndProject
Project("{FAE04EC0-301F-11D3-BF4B-00C04F79EFBC}") = "Tw.Bot", "Tw.Bot\Tw.Bot.csproj", "{84047731-7061-4FAB-9665-B9FB70FC6EBB}"
EndProject
Global
	GlobalSection(SolutionConfigurationPlatforms) = preSolution
		Debug|Any CPU = Debug|Any CPU
		Release|Any CPU = Release|Any CPU
	EndGlobalSection
	GlobalSection(ProjectConfigurationPlatforms) = postSolution
		{FA10ABD7-78B1-48DC-8F38-8D0021CC4E38}.Debug|Any CPU.ActiveCfg = Debug|Any CPU
		{FA10ABD7-78B1-48DC-8F38-8D0021CC4E38}.Debug|Any CPU.Build.0 = Debug|Any CPU
		{FA10ABD7-78B1-48DC-8F38-8D0021CC4E38}.Release|Any CPU.ActiveCfg = Release|Any CPU
		{FA10ABD7-78B1-48DC-8F38-8D0021CC4E38}.Release|Any CPU.Build.0 = Release|Any CPU
		{8D632BF2-BFD9-4585-A5AF-7E15E8431EBB}.Debug|Any CPU.ActiveCfg = Debug|Any CPU
		{8D632BF2-BFD9-4585-A5AF-7E15E8431EBB}.Debug|Any CPU.Build.0 = Debug|Any CPU
		{8D632BF2-BFD9-4585-A5AF-7E15E8431EBB}.Release|Any CPU.ActiveCfg = Release|Any CPU
		{8D632BF2-BFD9-4585-A5AF-7E15E8431EBB}.Release|Any CPU.Build.0 = Release|Any CPU
		{C1EC0956-CF76-427E-9C92-A68E2C6EBA4A}.Debug|Any CPU.ActiveCfg = Debug|Any CPU
		{C1EC0956-CF76-427E-9C92-A68E2C6EBA4A}.Debug|Any CPU.Build.0 = Debug|Any CPU
		{C1EC0956-CF76-427E-9C92-A68E2C6EBA4A}.Release|Any CPU.ActiveCfg = Release|Any CPU
		{C1EC0956-CF76-427E-9C92-A68E2C6EBA4A}.Release|Any CPU.Build.0 = Release|Any CPU
		{1D1E05C8-006D-4BB8-88C1-96B6A23E1110}.Debug|Any CPU.ActiveCfg = Debug|Any CPU
		{1D1E05C8-006D-4BB8-88C1-96B6A23E1110}.Debug|Any CPU.Build.0 = Debug|Any CPU
		{1D1E05C8-006D-4BB8-88C1-96B6A23E1110}.Release|Any CPU.ActiveCfg = Release|Any CPU
		{1D1E05C8-006D-4BB8-88C1-96B6A23E1110}.Release|Any CPU.Build.0 = Release|Any CPU
		{F45C44CF-2C70-4683-A36A-1154E2408F53}.Debug|Any CPU.ActiveCfg = Debug|Any CPU
		{F45C44CF-2C70-4683-A36A-1154E2408F53}.Debug|Any CPU.Build.0 = Debug|Any CPU
		{F45C44CF-2C70-4683-A36A-1154E2408F53}.Release|Any CPU.ActiveCfg = Release|Any CPU
		{F45C44CF-2C70-4683-A36A-1154E2408F53}.Release|Any CPU.Build.0 = Release|Any CPU
		{AA101C90-18B5-41DC-A280-A69152A7FF77}.Debug|Any CPU.ActiveCfg = Debug|Any CPU
		{AA101C90-18B5-41DC-A280-A69152A7FF77}.Debug|Any CPU.Build.0 = Debug|Any CPU
		{AA101C90-18B5-41DC-A280-A69152A7FF77}.Release|Any CPU.ActiveCfg = Release|Any CPU
		{AA101C90-18B5-41DC-A280-A69152A7FF77}.Release|Any CPU.Build.0 = Release|Any CPU
		{6A78CF28-6C28-4090-A414-329FBE8A91F0}.Debug|Any CPU.ActiveCfg = Debug|Any CPU
		{6A78CF28-6C28-4090-A414-329FBE8A91F0}.Debug|Any CPU.Build.0 = Debug|Any CPU
		{6A78CF28-6C28-4090-A414-329FBE8A91F0}.Release|Any CPU.ActiveCfg = Release|Any CPU
		{6A78CF28-6C28-4090-A414-329FBE8A91F0}.Release|Any CPU.Build.0 = Release|Any CPU
		{BE0EFC1B-F2B3-4A83-8647-2D14B53DD4AD}.Debug|Any CPU.ActiveCfg = Debug|Any CPU
		{BE0EFC1B-F2B3-4A83-8647-2D14B53DD4AD}.Debug|Any CPU.Build.0 = Debug|Any CPU
		{BE0EFC1B-F2B3-4A83-8647-2D14B53DD4AD}.Release|Any CPU.ActiveCfg = Release|Any CPU
		{BE0EFC1B-F2B3-4A83-8647-2D14B53DD4AD}.Release|Any CPU.Build.0 = Release|Any CPU
		{F1C872D7-CF9E-4E7F-AD2F-E821B67E1AFA}.Debug|Any CPU.ActiveCfg = Debug|Any CPU
		{F1C872D7-CF9E-4E7F-AD2F-E821B67E1AFA}.Debug|Any CPU.Build.0 = Debug|Any CPU
		{F1C872D7-CF9E-4E7F-AD2F-E821B67E1AFA}.Release|Any CPU.ActiveCfg = Release|Any CPU
		{F1C872D7-CF9E-4E7F-AD2F-E821B67E1AFA}.Release|Any CPU.Build.0 = Release|Any CPU
		{DD86EE13-6653-491D-8726-B20692C3445C}.Debug|Any CPU.ActiveCfg = Debug|Any CPU
		{DD86EE13-6653-491D-8726-B20692C3445C}.Debug|Any CPU.Build.0 = Debug|Any CPU
		{DD86EE13-6653-491D-8726-B20692C3445C}.Release|Any CPU.ActiveCfg = Release|Any CPU
		{DD86EE13-6653-491D-8726-B20692C3445C}.Release|Any CPU.Build.0 = Release|Any CPU
		{6C3FA7E0-1F96-4E49-958B-78DFBC7F0926}.Debug|Any CPU.ActiveCfg = Debug|Any CPU
		{6C3FA7E0-1F96-4E49-958B-78DFBC7F0926}.Debug|Any CPU.Build.0 = Debug|Any CPU
		{6C3FA7E0-1F96-4E49-958B-78DFBC7F0926}.Release|Any CPU.ActiveCfg = Release|Any CPU
		{6C3FA7E0-1F96-4E49-958B-78DFBC7F0926}.Release|Any CPU.Build.0 = Release|Any CPU
		{2A295617-3D0F-4045-A254-1655FF97E2A1}.Debug|Any CPU.ActiveCfg = Debug|Any CPU
		{2A295617-3D0F-4045-A254-1655FF97E2A1}.Debug|Any CPU.Build.0 = Debug|Any CPU
		{2A295617-3D0F-4045-A254-1655FF97E2A1}.Release|Any CPU.ActiveCfg = Release|Any CPU
		{2A295617-3D0F-4045-A254-1655FF97E2A1}.Release|Any CPU.Build.0 = Release|Any CPU
		{D3429939-A8BF-4B4B-BFCD-18A3F6C69BC9}.Debug|Any CPU.ActiveCfg = Debug|Any CPU
		{D3429939-A8BF-4B4B-BFCD-18A3F6C69BC9}.Debug|Any CPU.Build.0 = Debug|Any CPU
		{D3429939-A8BF-4B4B-BFCD-18A3F6C69BC9}.Release|Any CPU.ActiveCfg = Release|Any CPU
		{D3429939-A8BF-4B4B-BFCD-18A3F6C69BC9}.Release|Any CPU.Build.0 = Release|Any CPU
		{D0103587-CA50-4EB7-BED4-99E2277F9001}.Debug|Any CPU.ActiveCfg = Debug|Any CPU
		{D0103587-CA50-4EB7-BED4-99E2277F9001}.Debug|Any CPU.Build.0 = Debug|Any CPU
		{D0103587-CA50-4EB7-BED4-99E2277F9001}.Release|Any CPU.ActiveCfg = Release|Any CPU
		{D0103587-CA50-4EB7-BED4-99E2277F9001}.Release|Any CPU.Build.0 = Release|Any CPU
		{E2BF8C89-3408-4CF2-B6FA-2A6C31228F06}.Debug|Any CPU.ActiveCfg = Debug|Any CPU
		{E2BF8C89-3408-4CF2-B6FA-2A6C31228F06}.Debug|Any CPU.Build.0 = Debug|Any CPU
		{E2BF8C89-3408-4CF2-B6FA-2A6C31228F06}.Release|Any CPU.ActiveCfg = Release|Any CPU
		{E2BF8C89-3408-4CF2-B6FA-2A6C31228F06}.Release|Any CPU.Build.0 = Release|Any CPU
		{A90EF985-B6EE-4EC8-97A6-A2766BA0CC42}.Debug|Any CPU.ActiveCfg = Debug|Any CPU
		{A90EF985-B6EE-4EC8-97A6-A2766BA0CC42}.Debug|Any CPU.Build.0 = Debug|Any CPU
		{A90EF985-B6EE-4EC8-97A6-A2766BA0CC42}.Release|Any CPU.ActiveCfg = Release|Any CPU
		{A90EF985-B6EE-4EC8-97A6-A2766BA0CC42}.Release|Any CPU.Build.0 = Release|Any CPU
		{85741C53-07D3-481E-B43A-4D55B6017257}.Debug|Any CPU.ActiveCfg = Debug|Any CPU
		{85741C53-07D3-481E-B43A-4D55B6017257}.Debug|Any CPU.Build.0 = Debug|Any CPU
		{85741C53-07D3-481E-B43A-4D55B6017257}.Release|Any CPU.ActiveCfg = Release|Any CPU
		{85741C53-07D3-481E-B43A-4D55B6017257}.Release|Any CPU.Build.0 = Release|Any CPU
		{FA089E41-B0D9-4D50-A2B6-51A52968AE81}.Debug|Any CPU.ActiveCfg = Debug|Any CPU
		{FA089E41-B0D9-4D50-A2B6-51A52968AE81}.Debug|Any CPU.Build.0 = Debug|Any CPU
		{FA089E41-B0D9-4D50-A2B6-51A52968AE81}.Release|Any CPU.ActiveCfg = Release|Any CPU
		{FA089E41-B0D9-4D50-A2B6-51A52968AE81}.Release|Any CPU.Build.0 = Release|Any CPU
		{A09103D8-91C1-4E52-8BF4-4EB693D46C40}.Debug|Any CPU.ActiveCfg = Debug|Any CPU
		{A09103D8-91C1-4E52-8BF4-4EB693D46C40}.Debug|Any CPU.Build.0 = Debug|Any CPU
		{A09103D8-91C1-4E52-8BF4-4EB693D46C40}.Release|Any CPU.ActiveCfg = Release|Any CPU
		{A09103D8-91C1-4E52-8BF4-4EB693D46C40}.Release|Any CPU.Build.0 = Release|Any CPU
		{769BE3EC-6D20-4D3D-A340-8E8F9D22593B}.Debug|Any CPU.ActiveCfg = Debug|Any CPU
		{769BE3EC-6D20-4D3D-A340-8E8F9D22593B}.Debug|Any CPU.Build.0 = Debug|Any CPU
		{769BE3EC-6D20-4D3D-A340-8E8F9D22593B}.Release|Any CPU.ActiveCfg = Release|Any CPU
		{769BE3EC-6D20-4D3D-A340-8E8F9D22593B}.Release|Any CPU.Build.0 = Release|Any CPU
		{D198493D-A76F-45BA-9DFC-6E98521527F3}.Debug|Any CPU.ActiveCfg = Debug|Any CPU
		{D198493D-A76F-45BA-9DFC-6E98521527F3}.Debug|Any CPU.Build.0 = Debug|Any CPU
		{D198493D-A76F-45BA-9DFC-6E98521527F3}.Release|Any CPU.ActiveCfg = Release|Any CPU
		{D198493D-A76F-45BA-9DFC-6E98521527F3}.Release|Any CPU.Build.0 = Release|Any CPU
		{9EFB33CC-B666-4C01-976A-067204B5A2D7}.Debug|Any CPU.ActiveCfg = Debug|Any CPU
		{9EFB33CC-B666-4C01-976A-067204B5A2D7}.Debug|Any CPU.Build.0 = Debug|Any CPU
		{9EFB33CC-B666-4C01-976A-067204B5A2D7}.Release|Any CPU.ActiveCfg = Release|Any CPU
		{9EFB33CC-B666-4C01-976A-067204B5A2D7}.Release|Any CPU.Build.0 = Release|Any CPU
		{5E69E172-EC31-47BA-AB3A-0901BABDF608}.Debug|Any CPU.ActiveCfg = Debug|Any CPU
		{5E69E172-EC31-47BA-AB3A-0901BABDF608}.Debug|Any CPU.Build.0 = Debug|Any CPU
		{5E69E172-EC31-47BA-AB3A-0901BABDF608}.Release|Any CPU.ActiveCfg = Release|Any CPU
		{5E69E172-EC31-47BA-AB3A-0901BABDF608}.Release|Any CPU.Build.0 = Release|Any CPU
		{42280CBB-1939-477C-B7B3-39F3FF48BFBA}.Debug|Any CPU.ActiveCfg = Debug|Any CPU
		{42280CBB-1939-477C-B7B3-39F3FF48BFBA}.Debug|Any CPU.Build.0 = Debug|Any CPU
		{42280CBB-1939-477C-B7B3-39F3FF48BFBA}.Release|Any CPU.ActiveCfg = Release|Any CPU
		{42280CBB-1939-477C-B7B3-39F3FF48BFBA}.Release|Any CPU.Build.0 = Release|Any CPU
		{932B5AC0-58B3-46AA-906C-A50AB27F7C29}.Debug|Any CPU.ActiveCfg = Debug|Any CPU
		{932B5AC0-58B3-46AA-906C-A50AB27F7C29}.Debug|Any CPU.Build.0 = Debug|Any CPU
		{932B5AC0-58B3-46AA-906C-A50AB27F7C29}.Release|Any CPU.ActiveCfg = Release|Any CPU
		{932B5AC0-58B3-46AA-906C-A50AB27F7C29}.Release|Any CPU.Build.0 = Release|Any CPU
		{52A82C5B-E372-4662-854C-1D570CEFD334}.Debug|Any CPU.ActiveCfg = Debug|Any CPU
		{52A82C5B-E372-4662-854C-1D570CEFD334}.Debug|Any CPU.Build.0 = Debug|Any CPU
		{52A82C5B-E372-4662-854C-1D570CEFD334}.Release|Any CPU.ActiveCfg = Release|Any CPU
		{52A82C5B-E372-4662-854C-1D570CEFD334}.Release|Any CPU.Build.0 = Release|Any CPU
		{876608B5-61BF-4F93-9261-AA2F0BA5C555}.Debug|Any CPU.ActiveCfg = Debug|Any CPU
		{876608B5-61BF-4F93-9261-AA2F0BA5C555}.Debug|Any CPU.Build.0 = Debug|Any CPU
		{876608B5-61BF-4F93-9261-AA2F0BA5C555}.Release|Any CPU.ActiveCfg = Release|Any CPU
		{876608B5-61BF-4F93-9261-AA2F0BA5C555}.Release|Any CPU.Build.0 = Release|Any CPU
		{AA22D981-28D6-4E49-808B-489C86640313}.Debug|Any CPU.ActiveCfg = Debug|Any CPU
		{AA22D981-28D6-4E49-808B-489C86640313}.Debug|Any CPU.Build.0 = Debug|Any CPU
		{AA22D981-28D6-4E49-808B-489C86640313}.Release|Any CPU.ActiveCfg = Release|Any CPU
		{AA22D981-28D6-4E49-808B-489C86640313}.Release|Any CPU.Build.0 = Release|Any CPU
		{8983D256-F53A-4C6C-8F37-51046684A3CF}.Debug|Any CPU.ActiveCfg = Debug|Any CPU
		{8983D256-F53A-4C6C-8F37-51046684A3CF}.Debug|Any CPU.Build.0 = Debug|Any CPU
		{8983D256-F53A-4C6C-8F37-51046684A3CF}.Release|Any CPU.ActiveCfg = Release|Any CPU
		{8983D256-F53A-4C6C-8F37-51046684A3CF}.Release|Any CPU.Build.0 = Release|Any CPU
		{20E930B8-013B-4EDA-B47E-3E07B9C340F1}.Debug|Any CPU.ActiveCfg = Debug|Any CPU
		{20E930B8-013B-4EDA-B47E-3E07B9C340F1}.Debug|Any CPU.Build.0 = Debug|Any CPU
		{20E930B8-013B-4EDA-B47E-3E07B9C340F1}.Release|Any CPU.ActiveCfg = Release|Any CPU
		{20E930B8-013B-4EDA-B47E-3E07B9C340F1}.Release|Any CPU.Build.0 = Release|Any CPU
		{75F1B22C-CA44-47BB-AF28-34277B3F4F08}.Debug|Any CPU.ActiveCfg = Debug|Any CPU
		{75F1B22C-CA44-47BB-AF28-34277B3F4F08}.Debug|Any CPU.Build.0 = Debug|Any CPU
		{75F1B22C-CA44-47BB-AF28-34277B3F4F08}.Release|Any CPU.ActiveCfg = Release|Any CPU
		{75F1B22C-CA44-47BB-AF28-34277B3F4F08}.Release|Any CPU.Build.0 = Release|Any CPU
		{A7A495D3-82B7-4DAD-9315-544BD7742CD3}.Debug|Any CPU.ActiveCfg = Debug|Any CPU
		{A7A495D3-82B7-4DAD-9315-544BD7742CD3}.Debug|Any CPU.Build.0 = Debug|Any CPU
		{A7A495D3-82B7-4DAD-9315-544BD7742CD3}.Release|Any CPU.ActiveCfg = Release|Any CPU
		{A7A495D3-82B7-4DAD-9315-544BD7742CD3}.Release|Any CPU.Build.0 = Release|Any CPU
		{84047731-7061-4FAB-9665-B9FB70FC6EBB}.Debug|Any CPU.ActiveCfg = Debug|Any CPU
		{84047731-7061-4FAB-9665-B9FB70FC6EBB}.Debug|Any CPU.Build.0 = Debug|Any CPU
		{84047731-7061-4FAB-9665-B9FB70FC6EBB}.Release|Any CPU.ActiveCfg = Release|Any CPU
		{84047731-7061-4FAB-9665-B9FB70FC6EBB}.Release|Any CPU.Build.0 = Release|Any CPU
	EndGlobalSection
	GlobalSection(SolutionProperties) = preSolution
		HideSolutionNode = FALSE
	EndGlobalSection
	GlobalSection(NestedProjects) = preSolution
		{FA10ABD7-78B1-48DC-8F38-8D0021CC4E38} = {5EA7C3FD-B084-4D6B-A561-D07C59951921}
		{8D632BF2-BFD9-4585-A5AF-7E15E8431EBB} = {1F916B80-A2D6-4AEE-B80B-24EC49078CD9}
		{C1EC0956-CF76-427E-9C92-A68E2C6EBA4A} = {6A72AE32-72CE-418D-8079-34C8EFDC1ECF}
		{1D1E05C8-006D-4BB8-88C1-96B6A23E1110} = {5EA7C3FD-B084-4D6B-A561-D07C59951921}
		{F45C44CF-2C70-4683-A36A-1154E2408F53} = {1F916B80-A2D6-4AEE-B80B-24EC49078CD9}
		{C13581D3-2C5F-463F-A51A-C826E87B7DDD} = {8516EF98-C4A5-44A6-A6A8-4737A07923BA}
		{6A78CF28-6C28-4090-A414-329FBE8A91F0} = {6A72AE32-72CE-418D-8079-34C8EFDC1ECF}
		{BE0EFC1B-F2B3-4A83-8647-2D14B53DD4AD} = {5EA7C3FD-B084-4D6B-A561-D07C59951921}
		{F1C872D7-CF9E-4E7F-AD2F-E821B67E1AFA} = {6A72AE32-72CE-418D-8079-34C8EFDC1ECF}
		{DD86EE13-6653-491D-8726-B20692C3445C} = {2FB54F5D-8C42-4451-A235-279D2E6AD95D}
		{6C3FA7E0-1F96-4E49-958B-78DFBC7F0926} = {2FB54F5D-8C42-4451-A235-279D2E6AD95D}
		{D3429939-A8BF-4B4B-BFCD-18A3F6C69BC9} = {1F916B80-A2D6-4AEE-B80B-24EC49078CD9}
		{D0103587-CA50-4EB7-BED4-99E2277F9001} = {1F916B80-A2D6-4AEE-B80B-24EC49078CD9}
		{E2BF8C89-3408-4CF2-B6FA-2A6C31228F06} = {1F916B80-A2D6-4AEE-B80B-24EC49078CD9}
		{A90EF985-B6EE-4EC8-97A6-A2766BA0CC42} = {1F916B80-A2D6-4AEE-B80B-24EC49078CD9}
		{6A72AE32-72CE-418D-8079-34C8EFDC1ECF} = {8516EF98-C4A5-44A6-A6A8-4737A07923BA}
		{5EA7C3FD-B084-4D6B-A561-D07C59951921} = {8516EF98-C4A5-44A6-A6A8-4737A07923BA}
		{2FB54F5D-8C42-4451-A235-279D2E6AD95D} = {8516EF98-C4A5-44A6-A6A8-4737A07923BA}
		{85741C53-07D3-481E-B43A-4D55B6017257} = {2FB54F5D-8C42-4451-A235-279D2E6AD95D}
		{FA089E41-B0D9-4D50-A2B6-51A52968AE81} = {1F916B80-A2D6-4AEE-B80B-24EC49078CD9}
		{A09103D8-91C1-4E52-8BF4-4EB693D46C40} = {1F916B80-A2D6-4AEE-B80B-24EC49078CD9}
		{1F916B80-A2D6-4AEE-B80B-24EC49078CD9} = {8516EF98-C4A5-44A6-A6A8-4737A07923BA}
		{769BE3EC-6D20-4D3D-A340-8E8F9D22593B} = {1F916B80-A2D6-4AEE-B80B-24EC49078CD9}
		{F5032941-C96E-4BFC-B92E-D4E06AF36E76} = {8516EF98-C4A5-44A6-A6A8-4737A07923BA}
		{D198493D-A76F-45BA-9DFC-6E98521527F3} = {F5032941-C96E-4BFC-B92E-D4E06AF36E76}
		{9EFB33CC-B666-4C01-976A-067204B5A2D7} = {F5032941-C96E-4BFC-B92E-D4E06AF36E76}
		{5E69E172-EC31-47BA-AB3A-0901BABDF608} = {F5032941-C96E-4BFC-B92E-D4E06AF36E76}
		{42280CBB-1939-477C-B7B3-39F3FF48BFBA} = {F5032941-C96E-4BFC-B92E-D4E06AF36E76}
		{06643A4E-1B31-4DDF-A313-9083C5AE23CF} = {8516EF98-C4A5-44A6-A6A8-4737A07923BA}
		{932B5AC0-58B3-46AA-906C-A50AB27F7C29} = {06643A4E-1B31-4DDF-A313-9083C5AE23CF}
		{52A82C5B-E372-4662-854C-1D570CEFD334} = {F5032941-C96E-4BFC-B92E-D4E06AF36E76}
		{876608B5-61BF-4F93-9261-AA2F0BA5C555} = {06643A4E-1B31-4DDF-A313-9083C5AE23CF}
		{AA22D981-28D6-4E49-808B-489C86640313} = {06643A4E-1B31-4DDF-A313-9083C5AE23CF}
		{8983D256-F53A-4C6C-8F37-51046684A3CF} = {06643A4E-1B31-4DDF-A313-9083C5AE23CF}
		{20E930B8-013B-4EDA-B47E-3E07B9C340F1} = {06643A4E-1B31-4DDF-A313-9083C5AE23CF}
		{75F1B22C-CA44-47BB-AF28-34277B3F4F08} = {06643A4E-1B31-4DDF-A313-9083C5AE23CF}
		{A7A495D3-82B7-4DAD-9315-544BD7742CD3} = {2FB54F5D-8C42-4451-A235-279D2E6AD95D}
		{84047731-7061-4FAB-9665-B9FB70FC6EBB} = {2FB54F5D-8C42-4451-A235-279D2E6AD95D}
	EndGlobalSection
	GlobalSection(ExtensibilityGlobals) = postSolution
		SolutionGuid = {6BFA7B51-BBAA-46FB-A909-78364E794607}
	EndGlobalSection
EndGlobal
