
Microsoft Visual Studio Solution File, Format Version 12.00
# Visual Studio Version 16
VisualStudioVersion = 16.0.29409.12
MinimumVisualStudioVersion = 10.0.40219.1
Project("{FAE04EC0-301F-11D3-BF4B-00C04F79EFBC}") = "OnlineSimRu", "OnlineSim\OnlineSimRu.csproj", "{FA10ABD7-78B1-48DC-8F38-8D0021CC4E38}"
EndProject
Project("{FAE04EC0-301F-11D3-BF4B-00C04F79EFBC}") = "AccountData.Service", "AccountDataService\AccountData.Service.csproj", "{8D632BF2-BFD9-4585-A5AF-7E15E8431EBB}"
EndProject
Project("{2150E333-8FDC-42A3-9474-1A3956D46DE8}") = "Services", "Services", "{8516EF98-C4A5-44A6-A6A8-4737A07923BA}"
EndProject
Project("{FAE04EC0-301F-11D3-BF4B-00C04F79EFBC}") = "Yandex.Bot", "Yandex.Bot\Yandex.Bot.csproj", "{C1EC0956-CF76-427E-9C92-A68E2C6EBA4A}"
EndProject
Project("{FAE04EC0-301F-11D3-BF4B-00C04F79EFBC}") = "GetSmsOnline", "Getsms.online\GetSmsOnline.csproj", "{1D1E05C8-006D-4BB8-88C1-96B6A23E1110}"
EndProject
Project("{FAE04EC0-301F-11D3-BF4B-00C04F79EFBC}") = "Common.Service", "Common.Service\Common.Service.csproj", "{F45C44CF-2C70-4683-A36A-1154E2408F53}"
EndProject
Project("{FAE04EC0-301F-11D3-BF4B-00C04F79EFBC}") = "RegBot.RestApi", "RegBot.RestApi\RegBot.RestApi.csproj", "{AA101C90-18B5-41DC-A280-A69152A7FF77}"
EndProject
Project("{2150E333-8FDC-42A3-9474-1A3956D46DE8}") = "Solution Items", "Solution Items", "{C13581D3-2C5F-463F-A51A-C826E87B7DDD}"
	ProjectSection(SolutionItems) = preProject
		links.txt = links.txt
		todo.txt = todo.txt
	EndProjectSection
EndProject
Project("{FAE04EC0-301F-11D3-BF4B-00C04F79EFBC}") = "Gmail.Bot", "Gmail.Bot\Gmail.Bot.csproj", "{6A78CF28-6C28-4090-A414-329FBE8A91F0}"
EndProject
Project("{FAE04EC0-301F-11D3-BF4B-00C04F79EFBC}") = "SimSmsOrg", "SimSmsOrg\SimSmsOrg.csproj", "{BE0EFC1B-F2B3-4A83-8647-2D14B53DD4AD}"
EndProject
Project("{FAE04EC0-301F-11D3-BF4B-00C04F79EFBC}") = "MailRu.Bot", "MailRu.Bot\MailRu.Bot.csproj", "{F1C872D7-CF9E-4E7F-AD2F-E821B67E1AFA}"
EndProject
Project("{FAE04EC0-301F-11D3-BF4B-00C04F79EFBC}") = "Facebook.Bot", "Facebook.Bot\Facebook.Bot.csproj", "{DD86EE13-6653-491D-8726-B20692C3445C}"
EndProject
Project("{FAE04EC0-301F-11D3-BF4B-00C04F79EFBC}") = "Vk.Bot", "Vk.Bot\Vk.Bot.csproj", "{6C3FA7E0-1F96-4E49-958B-78DFBC7F0926}"
EndProject
Project("{FAE04EC0-301F-11D3-BF4B-00C04F79EFBC}") = "ScenarioApp", "ScenarioApp\ScenarioApp.csproj", "{2A295617-3D0F-4045-A254-1655FF97E2A1}"
EndProject
Project("{FAE04EC0-301F-11D3-BF4B-00C04F79EFBC}") = "ScenarioService", "Scenario.Service\ScenarioService.csproj", "{D3429939-A8BF-4B4B-BFCD-18A3F6C69BC9}"
EndProject
Project("{FAE04EC0-301F-11D3-BF4B-00C04F79EFBC}") = "PuppeteerService", "PuppeteerService\PuppeteerService.csproj", "{D0103587-CA50-4EB7-BED4-99E2277F9001}"
EndProject
Project("{FAE04EC0-301F-11D3-BF4B-00C04F79EFBC}") = "AnticaptchaOnline", "Anticaptcha\AnticaptchaOnline.csproj", "{E2BF8C89-3408-4CF2-B6FA-2A6C31228F06}"
EndProject
Project("{FAE04EC0-301F-11D3-BF4B-00C04F79EFBC}") = "Common.Classes", "Common.Classes\Common.Classes.csproj", "{A90EF985-B6EE-4EC8-97A6-A2766BA0CC42}"
EndProject
Project("{2150E333-8FDC-42A3-9474-1A3956D46DE8}") = "Mail", "Mail", "{6A72AE32-72CE-418D-8079-34C8EFDC1ECF}"
EndProject
Project("{2150E333-8FDC-42A3-9474-1A3956D46DE8}") = "Sms", "Sms", "{5EA7C3FD-B084-4D6B-A561-D07C59951921}"
EndProject
Project("{2150E333-8FDC-42A3-9474-1A3956D46DE8}") = "Social", "Social", "{2FB54F5D-8C42-4451-A235-279D2E6AD95D}"
EndProject
Project("{FAE04EC0-301F-11D3-BF4B-00C04F79EFBC}") = "Ok.Bot", "Ok.Bot\Ok.Bot.csproj", "{85741C53-07D3-481E-B43A-4D55B6017257}"
EndProject
Project("{FAE04EC0-301F-11D3-BF4B-00C04F79EFBC}") = "ProxyStore.Service", "ProxyStore.Service\ProxyStore.Service.csproj", "{FA089E41-B0D9-4D50-A2B6-51A52968AE81}"
EndProject
Project("{FAE04EC0-301F-11D3-BF4B-00C04F79EFBC}") = "RegistrationBot", "RegistrationBot\RegistrationBot.csproj", "{A09103D8-91C1-4E52-8BF4-4EB693D46C40}"
EndProject
Global
	GlobalSection(SolutionConfigurationPlatforms) = preSolution
		Debug|Any CPU = Debug|Any CPU
		Release|Any CPU = Release|Any CPU
	EndGlobalSection
	GlobalSection(ProjectConfigurationPlatforms) = postSolution
		{FA10ABD7-78B1-48DC-8F38-8D0021CC4E38}.Debug|Any CPU.ActiveCfg = Debug|Any CPU
		{FA10ABD7-78B1-48DC-8F38-8D0021CC4E38}.Debug|Any CPU.Build.0 = Debug|Any CPU
		{FA10ABD7-78B1-48DC-8F38-8D0021CC4E38}.Release|Any CPU.ActiveCfg = Release|Any CPU
		{FA10ABD7-78B1-48DC-8F38-8D0021CC4E38}.Release|Any CPU.Build.0 = Release|Any CPU
		{8D632BF2-BFD9-4585-A5AF-7E15E8431EBB}.Debug|Any CPU.ActiveCfg = Debug|Any CPU
		{8D632BF2-BFD9-4585-A5AF-7E15E8431EBB}.Debug|Any CPU.Build.0 = Debug|Any CPU
		{8D632BF2-BFD9-4585-A5AF-7E15E8431EBB}.Release|Any CPU.ActiveCfg = Release|Any CPU
		{8D632BF2-BFD9-4585-A5AF-7E15E8431EBB}.Release|Any CPU.Build.0 = Release|Any CPU
		{C1EC0956-CF76-427E-9C92-A68E2C6EBA4A}.Debug|Any CPU.ActiveCfg = Debug|Any CPU
		{C1EC0956-CF76-427E-9C92-A68E2C6EBA4A}.Debug|Any CPU.Build.0 = Debug|Any CPU
		{C1EC0956-CF76-427E-9C92-A68E2C6EBA4A}.Release|Any CPU.ActiveCfg = Release|Any CPU
		{C1EC0956-CF76-427E-9C92-A68E2C6EBA4A}.Release|Any CPU.Build.0 = Release|Any CPU
		{1D1E05C8-006D-4BB8-88C1-96B6A23E1110}.Debug|Any CPU.ActiveCfg = Debug|Any CPU
		{1D1E05C8-006D-4BB8-88C1-96B6A23E1110}.Debug|Any CPU.Build.0 = Debug|Any CPU
		{1D1E05C8-006D-4BB8-88C1-96B6A23E1110}.Release|Any CPU.ActiveCfg = Release|Any CPU
		{1D1E05C8-006D-4BB8-88C1-96B6A23E1110}.Release|Any CPU.Build.0 = Release|Any CPU
		{F45C44CF-2C70-4683-A36A-1154E2408F53}.Debug|Any CPU.ActiveCfg = Debug|Any CPU
		{F45C44CF-2C70-4683-A36A-1154E2408F53}.Debug|Any CPU.Build.0 = Debug|Any CPU
		{F45C44CF-2C70-4683-A36A-1154E2408F53}.Release|Any CPU.ActiveCfg = Release|Any CPU
		{F45C44CF-2C70-4683-A36A-1154E2408F53}.Release|Any CPU.Build.0 = Release|Any CPU
		{AA101C90-18B5-41DC-A280-A69152A7FF77}.Debug|Any CPU.ActiveCfg = Debug|Any CPU
		{AA101C90-18B5-41DC-A280-A69152A7FF77}.Debug|Any CPU.Build.0 = Debug|Any CPU
		{AA101C90-18B5-41DC-A280-A69152A7FF77}.Release|Any CPU.ActiveCfg = Release|Any CPU
		{AA101C90-18B5-41DC-A280-A69152A7FF77}.Release|Any CPU.Build.0 = Release|Any CPU
		{6A78CF28-6C28-4090-A414-329FBE8A91F0}.Debug|Any CPU.ActiveCfg = Debug|Any CPU
		{6A78CF28-6C28-4090-A414-329FBE8A91F0}.Debug|Any CPU.Build.0 = Debug|Any CPU
		{6A78CF28-6C28-4090-A414-329FBE8A91F0}.Release|Any CPU.ActiveCfg = Release|Any CPU
		{6A78CF28-6C28-4090-A414-329FBE8A91F0}.Release|Any CPU.Build.0 = Release|Any CPU
		{BE0EFC1B-F2B3-4A83-8647-2D14B53DD4AD}.Debug|Any CPU.ActiveCfg = Debug|Any CPU
		{BE0EFC1B-F2B3-4A83-8647-2D14B53DD4AD}.Debug|Any CPU.Build.0 = Debug|Any CPU
		{BE0EFC1B-F2B3-4A83-8647-2D14B53DD4AD}.Release|Any CPU.ActiveCfg = Release|Any CPU
		{BE0EFC1B-F2B3-4A83-8647-2D14B53DD4AD}.Release|Any CPU.Build.0 = Release|Any CPU
		{F1C872D7-CF9E-4E7F-AD2F-E821B67E1AFA}.Debug|Any CPU.ActiveCfg = Debug|Any CPU
		{F1C872D7-CF9E-4E7F-AD2F-E821B67E1AFA}.Debug|Any CPU.Build.0 = Debug|Any CPU
		{F1C872D7-CF9E-4E7F-AD2F-E821B67E1AFA}.Release|Any CPU.ActiveCfg = Release|Any CPU
		{F1C872D7-CF9E-4E7F-AD2F-E821B67E1AFA}.Release|Any CPU.Build.0 = Release|Any CPU
		{DD86EE13-6653-491D-8726-B20692C3445C}.Debug|Any CPU.ActiveCfg = Debug|Any CPU
		{DD86EE13-6653-491D-8726-B20692C3445C}.Debug|Any CPU.Build.0 = Debug|Any CPU
		{DD86EE13-6653-491D-8726-B20692C3445C}.Release|Any CPU.ActiveCfg = Release|Any CPU
		{DD86EE13-6653-491D-8726-B20692C3445C}.Release|Any CPU.Build.0 = Release|Any CPU
		{6C3FA7E0-1F96-4E49-958B-78DFBC7F0926}.Debug|Any CPU.ActiveCfg = Debug|Any CPU
		{6C3FA7E0-1F96-4E49-958B-78DFBC7F0926}.Debug|Any CPU.Build.0 = Debug|Any CPU
		{6C3FA7E0-1F96-4E49-958B-78DFBC7F0926}.Release|Any CPU.ActiveCfg = Release|Any CPU
		{6C3FA7E0-1F96-4E49-958B-78DFBC7F0926}.Release|Any CPU.Build.0 = Release|Any CPU
		{2A295617-3D0F-4045-A254-1655FF97E2A1}.Debug|Any CPU.ActiveCfg = Debug|Any CPU
		{2A295617-3D0F-4045-A254-1655FF97E2A1}.Debug|Any CPU.Build.0 = Debug|Any CPU
		{2A295617-3D0F-4045-A254-1655FF97E2A1}.Release|Any CPU.ActiveCfg = Release|Any CPU
		{2A295617-3D0F-4045-A254-1655FF97E2A1}.Release|Any CPU.Build.0 = Release|Any CPU
		{D3429939-A8BF-4B4B-BFCD-18A3F6C69BC9}.Debug|Any CPU.ActiveCfg = Debug|Any CPU
		{D3429939-A8BF-4B4B-BFCD-18A3F6C69BC9}.Debug|Any CPU.Build.0 = Debug|Any CPU
		{D3429939-A8BF-4B4B-BFCD-18A3F6C69BC9}.Release|Any CPU.ActiveCfg = Release|Any CPU
		{D3429939-A8BF-4B4B-BFCD-18A3F6C69BC9}.Release|Any CPU.Build.0 = Release|Any CPU
		{D0103587-CA50-4EB7-BED4-99E2277F9001}.Debug|Any CPU.ActiveCfg = Debug|Any CPU
		{D0103587-CA50-4EB7-BED4-99E2277F9001}.Debug|Any CPU.Build.0 = Debug|Any CPU
		{D0103587-CA50-4EB7-BED4-99E2277F9001}.Release|Any CPU.ActiveCfg = Release|Any CPU
		{D0103587-CA50-4EB7-BED4-99E2277F9001}.Release|Any CPU.Build.0 = Release|Any CPU
		{E2BF8C89-3408-4CF2-B6FA-2A6C31228F06}.Debug|Any CPU.ActiveCfg = Debug|Any CPU
		{E2BF8C89-3408-4CF2-B6FA-2A6C31228F06}.Debug|Any CPU.Build.0 = Debug|Any CPU
		{E2BF8C89-3408-4CF2-B6FA-2A6C31228F06}.Release|Any CPU.ActiveCfg = Release|Any CPU
		{E2BF8C89-3408-4CF2-B6FA-2A6C31228F06}.Release|Any CPU.Build.0 = Release|Any CPU
		{A90EF985-B6EE-4EC8-97A6-A2766BA0CC42}.Debug|Any CPU.ActiveCfg = Debug|Any CPU
		{A90EF985-B6EE-4EC8-97A6-A2766BA0CC42}.Debug|Any CPU.Build.0 = Debug|Any CPU
		{A90EF985-B6EE-4EC8-97A6-A2766BA0CC42}.Release|Any CPU.ActiveCfg = Release|Any CPU
		{A90EF985-B6EE-4EC8-97A6-A2766BA0CC42}.Release|Any CPU.Build.0 = Release|Any CPU
		{85741C53-07D3-481E-B43A-4D55B6017257}.Debug|Any CPU.ActiveCfg = Debug|Any CPU
		{85741C53-07D3-481E-B43A-4D55B6017257}.Debug|Any CPU.Build.0 = Debug|Any CPU
		{85741C53-07D3-481E-B43A-4D55B6017257}.Release|Any CPU.ActiveCfg = Release|Any CPU
		{85741C53-07D3-481E-B43A-4D55B6017257}.Release|Any CPU.Build.0 = Release|Any CPU
		{FA089E41-B0D9-4D50-A2B6-51A52968AE81}.Debug|Any CPU.ActiveCfg = Debug|Any CPU
		{FA089E41-B0D9-4D50-A2B6-51A52968AE81}.Debug|Any CPU.Build.0 = Debug|Any CPU
		{FA089E41-B0D9-4D50-A2B6-51A52968AE81}.Release|Any CPU.ActiveCfg = Release|Any CPU
		{FA089E41-B0D9-4D50-A2B6-51A52968AE81}.Release|Any CPU.Build.0 = Release|Any CPU
		{A09103D8-91C1-4E52-8BF4-4EB693D46C40}.Debug|Any CPU.ActiveCfg = Debug|Any CPU
		{A09103D8-91C1-4E52-8BF4-4EB693D46C40}.Debug|Any CPU.Build.0 = Debug|Any CPU
		{A09103D8-91C1-4E52-8BF4-4EB693D46C40}.Release|Any CPU.ActiveCfg = Release|Any CPU
		{A09103D8-91C1-4E52-8BF4-4EB693D46C40}.Release|Any CPU.Build.0 = Release|Any CPU
	EndGlobalSection
	GlobalSection(SolutionProperties) = preSolution
		HideSolutionNode = FALSE
	EndGlobalSection
	GlobalSection(NestedProjects) = preSolution
		{FA10ABD7-78B1-48DC-8F38-8D0021CC4E38} = {5EA7C3FD-B084-4D6B-A561-D07C59951921}
		{8D632BF2-BFD9-4585-A5AF-7E15E8431EBB} = {8516EF98-C4A5-44A6-A6A8-4737A07923BA}
		{C1EC0956-CF76-427E-9C92-A68E2C6EBA4A} = {6A72AE32-72CE-418D-8079-34C8EFDC1ECF}
		{1D1E05C8-006D-4BB8-88C1-96B6A23E1110} = {5EA7C3FD-B084-4D6B-A561-D07C59951921}
		{F45C44CF-2C70-4683-A36A-1154E2408F53} = {8516EF98-C4A5-44A6-A6A8-4737A07923BA}
		{6A78CF28-6C28-4090-A414-329FBE8A91F0} = {6A72AE32-72CE-418D-8079-34C8EFDC1ECF}
		{BE0EFC1B-F2B3-4A83-8647-2D14B53DD4AD} = {5EA7C3FD-B084-4D6B-A561-D07C59951921}
		{F1C872D7-CF9E-4E7F-AD2F-E821B67E1AFA} = {6A72AE32-72CE-418D-8079-34C8EFDC1ECF}
		{DD86EE13-6653-491D-8726-B20692C3445C} = {2FB54F5D-8C42-4451-A235-279D2E6AD95D}
		{6C3FA7E0-1F96-4E49-958B-78DFBC7F0926} = {2FB54F5D-8C42-4451-A235-279D2E6AD95D}
		{D3429939-A8BF-4B4B-BFCD-18A3F6C69BC9} = {8516EF98-C4A5-44A6-A6A8-4737A07923BA}
		{D0103587-CA50-4EB7-BED4-99E2277F9001} = {8516EF98-C4A5-44A6-A6A8-4737A07923BA}
		{E2BF8C89-3408-4CF2-B6FA-2A6C31228F06} = {8516EF98-C4A5-44A6-A6A8-4737A07923BA}
		{A90EF985-B6EE-4EC8-97A6-A2766BA0CC42} = {8516EF98-C4A5-44A6-A6A8-4737A07923BA}
		{6A72AE32-72CE-418D-8079-34C8EFDC1ECF} = {8516EF98-C4A5-44A6-A6A8-4737A07923BA}
		{5EA7C3FD-B084-4D6B-A561-D07C59951921} = {8516EF98-C4A5-44A6-A6A8-4737A07923BA}
		{2FB54F5D-8C42-4451-A235-279D2E6AD95D} = {8516EF98-C4A5-44A6-A6A8-4737A07923BA}
		{85741C53-07D3-481E-B43A-4D55B6017257} = {2FB54F5D-8C42-4451-A235-279D2E6AD95D}
		{FA089E41-B0D9-4D50-A2B6-51A52968AE81} = {8516EF98-C4A5-44A6-A6A8-4737A07923BA}
		{A09103D8-91C1-4E52-8BF4-4EB693D46C40} = {8516EF98-C4A5-44A6-A6A8-4737A07923BA}
	EndGlobalSection
	GlobalSection(ExtensibilityGlobals) = postSolution
		SolutionGuid = {6BFA7B51-BBAA-46FB-A909-78364E794607}
	EndGlobalSection
EndGlobal
